
Microsoft Visual Studio Solution File, Format Version 12.00
# Visual Studio 2013
VisualStudioVersion = 12.0.31101.0
MinimumVisualStudioVersion = 10.0.40219.1
Project("{FAE04EC0-301F-11D3-BF4B-00C04F79EFBC}") = "NLayers.BottomLayer", "NLayers.BottomLayer\NLayers.BottomLayer.csproj", "{993FF521-CE4A-4756-B51C-7250C5FFDABB}"
EndProject
Project("{FAE04EC0-301F-11D3-BF4B-00C04F79EFBC}") = "NLayers.MiddleLayer", "NLayers.MiddleLayer\NLayers.MiddleLayer.csproj", "{C0D1326D-DD93-4EAF-9A1A-F4D4005F30AA}"
EndProject
Project("{FAE04EC0-301F-11D3-BF4B-00C04F79EFBC}") = "NLayers.TopLayer", "NLayers.TopLayer\NLayers.TopLayer.csproj", "{6B6BE919-4945-4B1E-B1CB-5DF6576D8938}"
EndProject
Project("{FAE04EC0-301F-11D3-BF4B-00C04F79EFBC}") = "NLayers.Resolver", "NLayers.Resolver\NLayers.Resolver.csproj", "{BE6808E1-1916-4687-8752-DEDE97160C6C}"
EndProject
Project("{FAE04EC0-301F-11D3-BF4B-00C04F79EFBC}") = "NLayers.Models", "NLayers.Models\NLayers.Models.csproj", "{00EECD51-C9F3-40C7-A7F9-3B2BF3E24CBF}"
EndProject
Global
	GlobalSection(SolutionConfigurationPlatforms) = preSolution
		Debug|Any CPU = Debug|Any CPU
		Release|Any CPU = Release|Any CPU
	EndGlobalSection
	GlobalSection(ProjectConfigurationPlatforms) = postSolution
		{993FF521-CE4A-4756-B51C-7250C5FFDABB}.Debug|Any CPU.ActiveCfg = Debug|Any CPU
		{993FF521-CE4A-4756-B51C-7250C5FFDABB}.Debug|Any CPU.Build.0 = Debug|Any CPU
		{993FF521-CE4A-4756-B51C-7250C5FFDABB}.Release|Any CPU.ActiveCfg = Release|Any CPU
		{993FF521-CE4A-4756-B51C-7250C5FFDABB}.Release|Any CPU.Build.0 = Release|Any CPU
		{C0D1326D-DD93-4EAF-9A1A-F4D4005F30AA}.Debug|Any CPU.ActiveCfg = Debug|Any CPU
		{C0D1326D-DD93-4EAF-9A1A-F4D4005F30AA}.Debug|Any CPU.Build.0 = Debug|Any CPU
		{C0D1326D-DD93-4EAF-9A1A-F4D4005F30AA}.Release|Any CPU.ActiveCfg = Release|Any CPU
		{C0D1326D-DD93-4EAF-9A1A-F4D4005F30AA}.Release|Any CPU.Build.0 = Release|Any CPU
		{6B6BE919-4945-4B1E-B1CB-5DF6576D8938}.Debug|Any CPU.ActiveCfg = Debug|Any CPU
		{6B6BE919-4945-4B1E-B1CB-5DF6576D8938}.Debug|Any CPU.Build.0 = Debug|Any CPU
		{6B6BE919-4945-4B1E-B1CB-5DF6576D8938}.Release|Any CPU.ActiveCfg = Release|Any CPU
		{6B6BE919-4945-4B1E-B1CB-5DF6576D8938}.Release|Any CPU.Build.0 = Release|Any CPU
		{BE6808E1-1916-4687-8752-DEDE97160C6C}.Debug|Any CPU.ActiveCfg = Debug|Any CPU
		{BE6808E1-1916-4687-8752-DEDE97160C6C}.Debug|Any CPU.Build.0 = Debug|Any CPU
		{BE6808E1-1916-4687-8752-DEDE97160C6C}.Release|Any CPU.ActiveCfg = Release|Any CPU
		{BE6808E1-1916-4687-8752-DEDE97160C6C}.Release|Any CPU.Build.0 = Release|Any CPU
		{00EECD51-C9F3-40C7-A7F9-3B2BF3E24CBF}.Debug|Any CPU.ActiveCfg = Debug|Any CPU
		{00EECD51-C9F3-40C7-A7F9-3B2BF3E24CBF}.Debug|Any CPU.Build.0 = Debug|Any CPU
		{00EECD51-C9F3-40C7-A7F9-3B2BF3E24CBF}.Release|Any CPU.ActiveCfg = Release|Any CPU
		{00EECD51-C9F3-40C7-A7F9-3B2BF3E24CBF}.Release|Any CPU.Build.0 = Release|Any CPU
	EndGlobalSection
	GlobalSection(SolutionProperties) = preSolution
		HideSolutionNode = FALSE
	EndGlobalSection
EndGlobal
